
Microsoft Visual Studio Solution File, Format Version 12.00
# Visual Studio Version 17
VisualStudioVersion = 17.3.32929.385
MinimumVisualStudioVersion = 10.0.40219.1
Project("{FAE04EC0-301F-11D3-BF4B-00C04F79EFBC}") = "URITest", "URITest.csproj", "{5DF94B5F-E7E9-43DC-9C2F-71077B77F30D}"
EndProject
Global
	GlobalSection(SolutionConfigurationPlatforms) = preSolution
		Debug|Any CPU = Debug|Any CPU
		Release|Any CPU = Release|Any CPU
	EndGlobalSection
	GlobalSection(ProjectConfigurationPlatforms) = postSolution
		{5DF94B5F-E7E9-43DC-9C2F-71077B77F30D}.Debug|Any CPU.ActiveCfg = Debug|Any CPU
		{5DF94B5F-E7E9-43DC-9C2F-71077B77F30D}.Debug|Any CPU.Build.0 = Debug|Any CPU
		{5DF94B5F-E7E9-43DC-9C2F-71077B77F30D}.Release|Any CPU.ActiveCfg = Release|Any CPU
		{5DF94B5F-E7E9-43DC-9C2F-71077B77F30D}.Release|Any CPU.Build.0 = Release|Any CPU
	EndGlobalSection
	GlobalSection(SolutionProperties) = preSolution
		HideSolutionNode = FALSE
	EndGlobalSection
	GlobalSection(ExtensibilityGlobals) = postSolution
		SolutionGuid = {21CA6BC4-5B7B-4100-BEF0-4C706AE5159E}
	EndGlobalSection
EndGlobal
